PODS:
  - IGColorPicker (0.4.3):
    - M13Checkbox
  - M13Checkbox (3.4.0)
  - Realm (10.1.4):
    - Realm/Headers (= 10.1.4)
  - Realm/Headers (10.1.4)
  - RealmSwift (10.1.4):
    - Realm (= 10.1.4)
  - SCLAlertView (0.8)

DEPENDENCIES:
  - IGColorPicker
  - RealmSwift
  - SCLAlertView

SPEC REPOS:
  trunk:
    - IGColorPicker
    - M13Checkbox
    - Realm
    - RealmSwift
    - SCLAlertView

SPEC CHECKSUMS:
  IGColorPicker: f6034f8629aa90cce308a76ecc0fdf2afed0bf34
  M13Checkbox: 6f59404540ac98ba83a3d1afac335895a40c6a5d
  Realm: 80f4fb2971ccb9adc27a47d0955ae8e533a7030b
  RealmSwift: 0e566ca714edb377bba8ea0811eafcea0b93734e
  SCLAlertView: 6a77bb2edfc65e04dbe57725546cb4107a506b85

PODFILE CHECKSUM: 409dfdb55b1dcd88fc523a17c17ffe38f4251658

COCOAPODS: 1.10.0
