// !$*UTF8*$!
{
	archiveVersion = 1;
	classes = {
	};
	objectVersion = 51;
	objects = {

/* Begin PBXBuildFile section */
		97122F8104B8A11CAF96F89F /* Pods_Midterms.framework in Frameworks */ = {isa = PBXBuildFile; fileRef = 9A1244D84362B24AE9997E67 /* Pods_Midterms.framework */; };
		D129AF2A256CC5A1003B1E28 /* CreateEnventController.swift in Sources */ = {isa = PBXBuildFile; fileRef = D129AF29256CC5A1003B1E28 /* CreateEnventController.swift */; };
		D16B0553256CDC5E0090D47A /* Main.storyboard in Resources */ = {isa = PBXBuildFile; fileRef = D16B0552256CDC5E0090D47A /* Main.storyboard */; };
		D16B0555256CDC7D0090D47A /* LaunchScreen.storyboard in Resources */ = {isa = PBXBuildFile; fileRef = D16B0554256CDC7D0090D47A /* LaunchScreen.storyboard */; };
		D16B0559256CE4130090D47A /* LoginController.swift in Sources */ = {isa = PBXBuildFile; fileRef = D16B0558256CE4130090D47A /* LoginController.swift */; };
		D16B0561256CFA2C0090D47A /* ChooseAccountController.swift in Sources */ = {isa = PBXBuildFile; fileRef = D16B0560256CFA2C0090D47A /* ChooseAccountController.swift */; };
		D16B0563256D089A0090D47A /* AddEventController.swift in Sources */ = {isa = PBXBuildFile; fileRef = D16B0562256D089A0090D47A /* AddEventController.swift */; };
		D16B0565256D110F0090D47A /* GuestsCell.swift in Sources */ = {isa = PBXBuildFile; fileRef = D16B0564256D110F0090D47A /* GuestsCell.swift */; };
		D16B0567256D3C7E0090D47A /* AddGuestsController.swift in Sources */ = {isa = PBXBuildFile; fileRef = D16B0566256D3C7E0090D47A /* AddGuestsController.swift */; };
		D1FB319D256AECAB000AF016 /* AppDelegate.swift in Sources */ = {isa = PBXBuildFile; fileRef = D1FB319C256AECAB000AF016 /* AppDelegate.swift */; };
		D1FB319F256AECAB000AF016 /* SceneDelegate.swift in Sources */ = {isa = PBXBuildFile; fileRef = D1FB319E256AECAB000AF016 /* SceneDelegate.swift */; };
		D1FB31A6256AECAC000AF016 /* Assets.xcassets in Resources */ = {isa = PBXBuildFile; fileRef = D1FB31A5256AECAC000AF016 /* Assets.xcassets */; };
		D1FB31B4256AECAC000AF016 /* MidtermsTests.swift in Sources */ = {isa = PBXBuildFile; fileRef = D1FB31B3256AECAC000AF016 /* MidtermsTests.swift */; };
		D1FB31BF256AECAC000AF016 /* MidtermsUITests.swift in Sources */ = {isa = PBXBuildFile; fileRef = D1FB31BE256AECAC000AF016 /* MidtermsUITests.swift */; };
		D3E2A661A468E14D99290560 /* Pods_Midterms_MidtermsUITests.framework in Frameworks */ = {isa = PBXBuildFile; fileRef = F517946139E952A84A82B1F9 /* Pods_Midterms_MidtermsUITests.framework */; };
		EE5B96E7A933952E64DDFACF /* Pods_MidtermsTests.framework in Frameworks */ = {isa = PBXBuildFile; fileRef = 48B09655A2D812652DC895DF /* Pods_MidtermsTests.framework */; };
/* End PBXBuildFile section */

/* Begin PBXContainerItemProxy section */
		D1FB31B0256AECAC000AF016 /* PBXContainerItemProxy */ = {
			isa = PBXContainerItemProxy;
			containerPortal = D1FB3191256AECAB000AF016 /* Project object */;
			proxyType = 1;
			remoteGlobalIDString = D1FB3198256AECAB000AF016;
			remoteInfo = Midterms;
		};
		D1FB31BB256AECAC000AF016 /* PBXContainerItemProxy */ = {
			isa = PBXContainerItemProxy;
			containerPortal = D1FB3191256AECAB000AF016 /* Project object */;
			proxyType = 1;
			remoteGlobalIDString = D1FB3198256AECAB000AF016;
			remoteInfo = Midterms;
		};
/* End PBXContainerItemProxy section */

/* Begin PBXFileReference section */
		04C7E569F73F0B9DAC561FA6 /* Pods-Midterms-MidtermsUITests.debug.xcconfig */ = {isa = PBXFileReference; includeInIndex = 1; lastKnownFileType = text.xcconfig; name = "Pods-Midterms-MidtermsUITests.debug.xcconfig"; path = "Target Support Files/Pods-Midterms-MidtermsUITests/Pods-Midterms-MidtermsUITests.debug.xcconfig"; sourceTree = "<group>"; };
		08118CEEDEF2D5DF6A73ED1B /* Pods-MidtermsTests.debug.xcconfig */ = {isa = PBXFileReference; includeInIndex = 1; lastKnownFileType = text.xcconfig; name = "Pods-MidtermsTests.debug.xcconfig"; path = "Target Support Files/Pods-MidtermsTests/Pods-MidtermsTests.debug.xcconfig"; sourceTree = "<group>"; };
		27EC9D868C5587F48AB3FF91 /* Pods-Midterms.release.xcconfig */ = {isa = PBXFileReference; includeInIndex = 1; lastKnownFileType = text.xcconfig; name = "Pods-Midterms.release.xcconfig"; path = "Target Support Files/Pods-Midterms/Pods-Midterms.release.xcconfig"; sourceTree = "<group>"; };
		48B09655A2D812652DC895DF /* Pods_MidtermsTests.framework */ = {isa = PBXFileReference; explicitFileType = wrapper.framework; includeInIndex = 0; path = Pods_MidtermsTests.framework; sourceTree = BUILT_PRODUCTS_DIR; };
		8631F72783DA9CF5D9312523 /* Pods-Midterms.debug.xcconfig */ = {isa = PBXFileReference; includeInIndex = 1; lastKnownFileType = text.xcconfig; name = "Pods-Midterms.debug.xcconfig"; path = "Target Support Files/Pods-Midterms/Pods-Midterms.debug.xcconfig"; sourceTree = "<group>"; };
		8CFD261A55B995C50AED8127 /* Pods-Midterms-MidtermsUITests.release.xcconfig */ = {isa = PBXFileReference; includeInIndex = 1; lastKnownFileType = text.xcconfig; name = "Pods-Midterms-MidtermsUITests.release.xcconfig"; path = "Target Support Files/Pods-Midterms-MidtermsUITests/Pods-Midterms-MidtermsUITests.release.xcconfig"; sourceTree = "<group>"; };
		9A1244D84362B24AE9997E67 /* Pods_Midterms.framework */ = {isa = PBXFileReference; explicitFileType = wrapper.framework; includeInIndex = 0; path = Pods_Midterms.framework; sourceTree = BUILT_PRODUCTS_DIR; };
		A5BA9B1350A796B22571D5F2 /* Pods-MidtermsTests.release.xcconfig */ = {isa = PBXFileReference; includeInIndex = 1; lastKnownFileType = text.xcconfig; name = "Pods-MidtermsTests.release.xcconfig"; path = "Target Support Files/Pods-MidtermsTests/Pods-MidtermsTests.release.xcconfig"; sourceTree = "<group>"; };
		D129AF29256CC5A1003B1E28 /* CreateEnventController.swift */ = {isa = PBXFileReference; lastKnownFileType = sourcecode.swift; path = CreateEnventController.swift; sourceTree = "<group>"; };
		D16B0552256CDC5E0090D47A /* Main.storyboard */ = {isa = PBXFileReference; fileEncoding = 4; lastKnownFileType = file.storyboard; path = Main.storyboard; sourceTree = "<group>"; };
		D16B0554256CDC7D0090D47A /* LaunchScreen.storyboard */ = {isa = PBXFileReference; fileEncoding = 4; lastKnownFileType = file.storyboard; path = LaunchScreen.storyboard; sourceTree = "<group>"; };
		D16B0558256CE4130090D47A /* LoginController.swift */ = {isa = PBXFileReference; lastKnownFileType = sourcecode.swift; path = LoginController.swift; sourceTree = "<group>"; };
		D16B0560256CFA2C0090D47A /* ChooseAccountController.swift */ = {isa = PBXFileReference; lastKnownFileType = sourcecode.swift; path = ChooseAccountController.swift; sourceTree = "<group>"; };
		D16B0562256D089A0090D47A /* AddEventController.swift */ = {isa = PBXFileReference; lastKnownFileType = sourcecode.swift; path = AddEventController.swift; sourceTree = "<group>"; };
		D16B0564256D110F0090D47A /* GuestsCell.swift */ = {isa = PBXFileReference; lastKnownFileType = sourcecode.swift; path = GuestsCell.swift; sourceTree = "<group>"; };
		D16B0566256D3C7E0090D47A /* AddGuestsController.swift */ = {isa = PBXFileReference; lastKnownFileType = sourcecode.swift; path = AddGuestsController.swift; sourceTree = "<group>"; };
		D1FB3199256AECAB000AF016 /* Midterms.app */ = {isa = PBXFileReference; explicitFileType = wrapper.application; includeInIndex = 0; path = Midterms.app; sourceTree = BUILT_PRODUCTS_DIR; };
		D1FB319C256AECAB000AF016 /* AppDelegate.swift */ = {isa = PBXFileReference; lastKnownFileType = sourcecode.swift; path = AppDelegate.swift; sourceTree = "<group>"; };
		D1FB319E256AECAB000AF016 /* SceneDelegate.swift */ = {isa = PBXFileReference; lastKnownFileType = sourcecode.swift; path = SceneDelegate.swift; sourceTree = "<group>"; };
		D1FB31A5256AECAC000AF016 /* Assets.xcassets */ = {isa = PBXFileReference; lastKnownFileType = folder.assetcatalog; path = Assets.xcassets; sourceTree = "<group>"; };
		D1FB31AA256AECAC000AF016 /* Info.plist */ = {isa = PBXFileReference; lastKnownFileType = text.plist.xml; path = Info.plist; sourceTree = "<group>"; };
		D1FB31AF256AECAC000AF016 /* MidtermsTests.xctest */ = {isa = PBXFileReference; explicitFileType = wrapper.cfbundle; includeInIndex = 0; path = MidtermsTests.xctest; sourceTree = BUILT_PRODUCTS_DIR; };
		D1FB31B3256AECAC000AF016 /* MidtermsTests.swift */ = {isa = PBXFileReference; lastKnownFileType = sourcecode.swift; path = MidtermsTests.swift; sourceTree = "<group>"; };
		D1FB31B5256AECAC000AF016 /* Info.plist */ = {isa = PBXFileReference; lastKnownFileType = text.plist.xml; path = Info.plist; sourceTree = "<group>"; };
		D1FB31BA256AECAC000AF016 /* MidtermsUITests.xctest */ = {isa = PBXFileReference; explicitFileType = wrapper.cfbundle; includeInIndex = 0; path = MidtermsUITests.xctest; sourceTree = BUILT_PRODUCTS_DIR; };
		D1FB31BE256AECAC000AF016 /* MidtermsUITests.swift */ = {isa = PBXFileReference; lastKnownFileType = sourcecode.swift; path = MidtermsUITests.swift; sourceTree = "<group>"; };
		D1FB31C0256AECAC000AF016 /* Info.plist */ = {isa = PBXFileReference; lastKnownFileType = text.plist.xml; path = Info.plist; sourceTree = "<group>"; };
		F517946139E952A84A82B1F9 /* Pods_Midterms_MidtermsUITests.framework */ = {isa = PBXFileReference; explicitFileType = wrapper.framework; includeInIndex = 0; path = Pods_Midterms_MidtermsUITests.framework; sourceTree = BUILT_PRODUCTS_DIR; };
/* End PBXFileReference section */

/* Begin PBXFrameworksBuildPhase section */
		D1FB3196256AECAB000AF016 /* Frameworks */ = {
			isa = PBXFrameworksBuildPhase;
			buildActionMask = 2147483647;
			files = (
				97122F8104B8A11CAF96F89F /* Pods_Midterms.framework in Frameworks */,
			);
			runOnlyForDeploymentPostprocessing = 0;
		};
		D1FB31AC256AECAC000AF016 /* Frameworks */ = {
			isa = PBXFrameworksBuildPhase;
			buildActionMask = 2147483647;
			files = (
				EE5B96E7A933952E64DDFACF /* Pods_MidtermsTests.framework in Frameworks */,
			);
			runOnlyForDeploymentPostprocessing = 0;
		};
		D1FB31B7256AECAC000AF016 /* Frameworks */ = {
			isa = PBXFrameworksBuildPhase;
			buildActionMask = 2147483647;
			files = (
				D3E2A661A468E14D99290560 /* Pods_Midterms_MidtermsUITests.framework in Frameworks */,
			);
			runOnlyForDeploymentPostprocessing = 0;
		};
/* End PBXFrameworksBuildPhase section */

/* Begin PBXGroup section */
		87575AD667D3C06DD70F526D /* Pods */ = {
			isa = PBXGroup;
			children = (
				8631F72783DA9CF5D9312523 /* Pods-Midterms.debug.xcconfig */,
				27EC9D868C5587F48AB3FF91 /* Pods-Midterms.release.xcconfig */,
				04C7E569F73F0B9DAC561FA6 /* Pods-Midterms-MidtermsUITests.debug.xcconfig */,
				8CFD261A55B995C50AED8127 /* Pods-Midterms-MidtermsUITests.release.xcconfig */,
				08118CEEDEF2D5DF6A73ED1B /* Pods-MidtermsTests.debug.xcconfig */,
				A5BA9B1350A796B22571D5F2 /* Pods-MidtermsTests.release.xcconfig */,
			);
			path = Pods;
			sourceTree = "<group>";
		};
		D1FB3190256AECAB000AF016 = {
			isa = PBXGroup;
			children = (
				D1FB319B256AECAB000AF016 /* Midterms */,
				D1FB31B2256AECAC000AF016 /* MidtermsTests */,
				D1FB31BD256AECAC000AF016 /* MidtermsUITests */,
				D1FB319A256AECAB000AF016 /* Products */,
				87575AD667D3C06DD70F526D /* Pods */,
				FEE511B70452F9C8CA57AC81 /* Frameworks */,
			);
			sourceTree = "<group>";
		};
		D1FB319A256AECAB000AF016 /* Products */ = {
			isa = PBXGroup;
			children = (
				D1FB3199256AECAB000AF016 /* Midterms.app */,
				D1FB31AF256AECAC000AF016 /* MidtermsTests.xctest */,
				D1FB31BA256AECAC000AF016 /* MidtermsUITests.xctest */,
			);
			name = Products;
			sourceTree = "<group>";
		};
		D1FB319B256AECAB000AF016 /* Midterms */ = {
			isa = PBXGroup;
			children = (
				D16B0554256CDC7D0090D47A /* LaunchScreen.storyboard */,
				D16B0552256CDC5E0090D47A /* Main.storyboard */,
				D16B0558256CE4130090D47A /* LoginController.swift */,
				D1FB319C256AECAB000AF016 /* AppDelegate.swift */,
				D1FB319E256AECAB000AF016 /* SceneDelegate.swift */,
				D129AF29256CC5A1003B1E28 /* CreateEnventController.swift */,
				D16B0562256D089A0090D47A /* AddEventController.swift */,
				D16B0560256CFA2C0090D47A /* ChooseAccountController.swift */,
				D1FB31A5256AECAC000AF016 /* Assets.xcassets */,
				D1FB31AA256AECAC000AF016 /* Info.plist */,
				D16B0564256D110F0090D47A /* GuestsCell.swift */,
				D16B0566256D3C7E0090D47A /* AddGuestsController.swift */,
			);
			path = Midterms;
			sourceTree = "<group>";
		};
		D1FB31B2256AECAC000AF016 /* MidtermsTests */ = {
			isa = PBXGroup;
			children = (
				D1FB31B3256AECAC000AF016 /* MidtermsTests.swift */,
				D1FB31B5256AECAC000AF016 /* Info.plist */,
			);
			path = MidtermsTests;
			sourceTree = "<group>";
		};
		D1FB31BD256AECAC000AF016 /* MidtermsUITests */ = {
			isa = PBXGroup;
			children = (
				D1FB31BE256AECAC000AF016 /* MidtermsUITests.swift */,
				D1FB31C0256AECAC000AF016 /* Info.plist */,
			);
			path = MidtermsUITests;
			sourceTree = "<group>";
		};
		FEE511B70452F9C8CA57AC81 /* Frameworks */ = {
			isa = PBXGroup;
			children = (
				9A1244D84362B24AE9997E67 /* Pods_Midterms.framework */,
				F517946139E952A84A82B1F9 /* Pods_Midterms_MidtermsUITests.framework */,
				48B09655A2D812652DC895DF /* Pods_MidtermsTests.framework */,
			);
			name = Frameworks;
			sourceTree = "<group>";
		};
/* End PBXGroup section */

/* Begin PBXNativeTarget section */
		D1FB3198256AECAB000AF016 /* Midterms */ = {
			isa = PBXNativeTarget;
			buildConfigurationList = D1FB31C3256AECAC000AF016 /* Build configuration list for PBXNativeTarget "Midterms" */;
			buildPhases = (
				6275A04967A04E4CF60B020B /* [CP] Check Pods Manifest.lock */,
				D1FB3195256AECAB000AF016 /* Sources */,
				D1FB3196256AECAB000AF016 /* Frameworks */,
				D1FB3197256AECAB000AF016 /* Resources */,
				3EA60AEECFE3843216C52DEF /* [CP] Embed Pods Frameworks */,
			);
			buildRules = (
			);
			dependencies = (
			);
			name = Midterms;
			productName = Midterms;
			productReference = D1FB3199256AECAB000AF016 /* Midterms.app */;
			productType = "com.apple.product-type.application";
		};
		D1FB31AE256AECAC000AF016 /* MidtermsTests */ = {
			isa = PBXNativeTarget;
			buildConfigurationList = D1FB31C6256AECAC000AF016 /* Build configuration list for PBXNativeTarget "MidtermsTests" */;
			buildPhases = (
				B665FEBD66898A960764BC4E /* [CP] Check Pods Manifest.lock */,
				D1FB31AB256AECAC000AF016 /* Sources */,
				D1FB31AC256AECAC000AF016 /* Frameworks */,
				D1FB31AD256AECAC000AF016 /* Resources */,
			);
			buildRules = (
			);
			dependencies = (
				D1FB31B1256AECAC000AF016 /* PBXTargetDependency */,
			);
			name = MidtermsTests;
			productName = MidtermsTests;
			productReference = D1FB31AF256AECAC000AF016 /* MidtermsTests.xctest */;
			productType = "com.apple.product-type.bundle.unit-test";
		};
		D1FB31B9256AECAC000AF016 /* MidtermsUITests */ = {
			isa = PBXNativeTarget;
			buildConfigurationList = D1FB31C9256AECAC000AF016 /* Build configuration list for PBXNativeTarget "MidtermsUITests" */;
			buildPhases = (
				75768AE213C8F2BD46175866 /* [CP] Check Pods Manifest.lock */,
				D1FB31B6256AECAC000AF016 /* Sources */,
				D1FB31B7256AECAC000AF016 /* Frameworks */,
				D1FB31B8256AECAC000AF016 /* Resources */,
				F21A31463A423BE2CA058099 /* [CP] Embed Pods Frameworks */,
			);
			buildRules = (
			);
			dependencies = (
				D1FB31BC256AECAC000AF016 /* PBXTargetDependency */,
			);
			name = MidtermsUITests;
			productName = MidtermsUITests;
			productReference = D1FB31BA256AECAC000AF016 /* MidtermsUITests.xctest */;
			productType = "com.apple.product-type.bundle.ui-testing";
		};
/* End PBXNativeTarget section */

/* Begin PBXProject section */
		D1FB3191256AECAB000AF016 /* Project object */ = {
			isa = PBXProject;
			attributes = {
				LastSwiftUpdateCheck = 1110;
				LastUpgradeCheck = 1110;
				ORGANIZATIONNAME = "Phuoc Nguyen";
				TargetAttributes = {
					D1FB3198256AECAB000AF016 = {
						CreatedOnToolsVersion = 11.1;
					};
					D1FB31AE256AECAC000AF016 = {
						CreatedOnToolsVersion = 11.1;
						TestTargetID = D1FB3198256AECAB000AF016;
					};
					D1FB31B9256AECAC000AF016 = {
						CreatedOnToolsVersion = 11.1;
						TestTargetID = D1FB3198256AECAB000AF016;
					};
				};
			};
			buildConfigurationList = D1FB3194256AECAB000AF016 /* Build configuration list for PBXProject "Midterms" */;
			compatibilityVersion = "Xcode 9.3";
			developmentRegion = en;
			hasScannedForEncodings = 0;
			knownRegions = (
				en,
				Base,
			);
			mainGroup = D1FB3190256AECAB000AF016;
			productRefGroup = D1FB319A256AECAB000AF016 /* Products */;
			projectDirPath = "";
			projectRoot = "";
			targets = (
				D1FB3198256AECAB000AF016 /* Midterms */,
				D1FB31AE256AECAC000AF016 /* MidtermsTests */,
				D1FB31B9256AECAC000AF016 /* MidtermsUITests */,
			);
		};
/* End PBXProject section */

/* Begin PBXResourcesBuildPhase section */
		D1FB3197256AECAB000AF016 /* Resources */ = {
			isa = PBXResourcesBuildPhase;
			buildActionMask = 2147483647;
			files = (
				D16B0555256CDC7D0090D47A /* LaunchScreen.storyboard in Resources */,
				D16B0553256CDC5E0090D47A /* Main.storyboard in Resources */,
				D1FB31A6256AECAC000AF016 /* Assets.xcassets in Resources */,
			);
			runOnlyForDeploymentPostprocessing = 0;
		};
		D1FB31AD256AECAC000AF016 /* Resources */ = {
			isa = PBXResourcesBuildPhase;
			buildActionMask = 2147483647;
			files = (
			);
			runOnlyForDeploymentPostprocessing = 0;
		};
		D1FB31B8256AECAC000AF016 /* Resources */ = {
			isa = PBXResourcesBuildPhase;
			buildActionMask = 2147483647;
			files = (
			);
			runOnlyForDeploymentPostprocessing = 0;
		};
/* End PBXResourcesBuildPhase section */

/* Begin PBXShellScriptBuildPhase section */
		3EA60AEECFE3843216C52DEF /* [CP] Embed Pods Frameworks */ = {
			isa = PBXShellScriptBuildPhase;
			buildActionMask = 2147483647;
			files = (
			);
			inputFileListPaths = (
				"${PODS_ROOT}/Target Support Files/Pods-Midterms/Pods-Midterms-frameworks-${CONFIGURATION}-input-files.xcfilelist",
			);
			name = "[CP] Embed Pods Frameworks";
			outputFileListPaths = (
				"${PODS_ROOT}/Target Support Files/Pods-Midterms/Pods-Midterms-frameworks-${CONFIGURATION}-output-files.xcfilelist",
			);
			runOnlyForDeploymentPostprocessing = 0;
			shellPath = /bin/sh;
			shellScript = "\"${PODS_ROOT}/Target Support Files/Pods-Midterms/Pods-Midterms-frameworks.sh\"\n";
			showEnvVarsInLog = 0;
		};
		6275A04967A04E4CF60B020B /* [CP] Check Pods Manifest.lock */ = {
			isa = PBXShellScriptBuildPhase;
			buildActionMask = 2147483647;
			files = (
			);
			inputFileListPaths = (
			);
			inputPaths = (
				"${PODS_PODFILE_DIR_PATH}/Podfile.lock",
				"${PODS_ROOT}/Manifest.lock",
			);
			name = "[CP] Check Pods Manifest.lock";
			outputFileListPaths = (
			);
			outputPaths = (
				"$(DERIVED_FILE_DIR)/Pods-Midterms-checkManifestLockResult.txt",
			);
			runOnlyForDeploymentPostprocessing = 0;
			shellPath = /bin/sh;
			shellScript = "diff \"${PODS_PODFILE_DIR_PATH}/Podfile.lock\" \"${PODS_ROOT}/Manifest.lock\" > /dev/null\nif [ $? != 0 ] ; then\n    # print error to STDERR\n    echo \"error: The sandbox is not in sync with the Podfile.lock. Run 'pod install' or update your CocoaPods installation.\" >&2\n    exit 1\nfi\n# This output is used by Xcode 'outputs' to avoid re-running this script phase.\necho \"SUCCESS\" > \"${SCRIPT_OUTPUT_FILE_0}\"\n";
			showEnvVarsInLog = 0;
		};
		75768AE213C8F2BD46175866 /* [CP] Check Pods Manifest.lock */ = {
			isa = PBXShellScriptBuildPhase;
			buildActionMask = 2147483647;
			files = (
			);
			inputFileListPaths = (
			);
			inputPaths = (
				"${PODS_PODFILE_DIR_PATH}/Podfile.lock",
				"${PODS_ROOT}/Manifest.lock",
			);
			name = "[CP] Check Pods Manifest.lock";
			outputFileListPaths = (
			);
			outputPaths = (
				"$(DERIVED_FILE_DIR)/Pods-Midterms-MidtermsUITests-checkManifestLockResult.txt",
			);
			runOnlyForDeploymentPostprocessing = 0;
			shellPath = /bin/sh;
			shellScript = "diff \"${PODS_PODFILE_DIR_PATH}/Podfile.lock\" \"${PODS_ROOT}/Manifest.lock\" > /dev/null\nif [ $? != 0 ] ; then\n    # print error to STDERR\n    echo \"error: The sandbox is not in sync with the Podfile.lock. Run 'pod install' or update your CocoaPods installation.\" >&2\n    exit 1\nfi\n# This output is used by Xcode 'outputs' to avoid re-running this script phase.\necho \"SUCCESS\" > \"${SCRIPT_OUTPUT_FILE_0}\"\n";
			showEnvVarsInLog = 0;
		};
		B665FEBD66898A960764BC4E /* [CP] Check Pods Manifest.lock */ = {
			isa = PBXShellScriptBuildPhase;
			buildActionMask = 2147483647;
			files = (
			);
			inputFileListPaths = (
			);
			inputPaths = (
				"${PODS_PODFILE_DIR_PATH}/Podfile.lock",
				"${PODS_ROOT}/Manifest.lock",
			);
			name = "[CP] Check Pods Manifest.lock";
			outputFileListPaths = (
			);
			outputPaths = (
				"$(DERIVED_FILE_DIR)/Pods-MidtermsTests-checkManifestLockResult.txt",
			);
			runOnlyForDeploymentPostprocessing = 0;
			shellPath = /bin/sh;
			shellScript = "diff \"${PODS_PODFILE_DIR_PATH}/Podfile.lock\" \"${PODS_ROOT}/Manifest.lock\" > /dev/null\nif [ $? != 0 ] ; then\n    # print error to STDERR\n    echo \"error: The sandbox is not in sync with the Podfile.lock. Run 'pod install' or update your CocoaPods installation.\" >&2\n    exit 1\nfi\n# This output is used by Xcode 'outputs' to avoid re-running this script phase.\necho \"SUCCESS\" > \"${SCRIPT_OUTPUT_FILE_0}\"\n";
			showEnvVarsInLog = 0;
		};
		F21A31463A423BE2CA058099 /* [CP] Embed Pods Frameworks */ = {
			isa = PBXShellScriptBuildPhase;
			buildActionMask = 2147483647;
			files = (
			);
			inputFileListPaths = (
				"${PODS_ROOT}/Target Support Files/Pods-Midterms-MidtermsUITests/Pods-Midterms-MidtermsUITests-frameworks-${CONFIGURATION}-input-files.xcfilelist",
			);
			name = "[CP] Embed Pods Frameworks";
			outputFileListPaths = (
				"${PODS_ROOT}/Target Support Files/Pods-Midterms-MidtermsUITests/Pods-Midterms-MidtermsUITests-frameworks-${CONFIGURATION}-output-files.xcfilelist",
			);
			runOnlyForDeploymentPostprocessing = 0;
			shellPath = /bin/sh;
			shellScript = "\"${PODS_ROOT}/Target Support Files/Pods-Midterms-MidtermsUITests/Pods-Midterms-MidtermsUITests-frameworks.sh\"\n";
			showEnvVarsInLog = 0;
		};
/* End PBXShellScriptBuildPhase section */

/* Begin PBXSourcesBuildPhase section */
		D1FB3195256AECAB000AF016 /* Sources */ = {
			isa = PBXSourcesBuildPhase;
			buildActionMask = 2147483647;
			files = (
				D16B0565256D110F0090D47A /* GuestsCell.swift in Sources */,
				D16B0563256D089A0090D47A /* AddEventController.swift in Sources */,
				D16B0559256CE4130090D47A /* LoginController.swift in Sources */,
				D1FB319D256AECAB000AF016 /* AppDelegate.swift in Sources */,
				D16B0567256D3C7E0090D47A /* AddGuestsController.swift in Sources */,
				D16B0561256CFA2C0090D47A /* ChooseAccountController.swift in Sources */,
				D1FB319F256AECAB000AF016 /* SceneDelegate.swift in Sources */,
				D129AF2A256CC5A1003B1E28 /* CreateEnventController.swift in Sources */,
			);
			runOnlyForDeploymentPostprocessing = 0;
		};
		D1FB31AB256AECAC000AF016 /* Sources */ = {
			isa = PBXSourcesBuildPhase;
			buildActionMask = 2147483647;
			files = (
				D1FB31B4256AECAC000AF016 /* MidtermsTests.swift in Sources */,
			);
			runOnlyForDeploymentPostprocessing = 0;
		};
		D1FB31B6256AECAC000AF016 /* Sources */ = {
			isa = PBXSourcesBuildPhase;
			buildActionMask = 2147483647;
			files = (
				D1FB31BF256AECAC000AF016 /* MidtermsUITests.swift in Sources */,
			);
			runOnlyForDeploymentPostprocessing = 0;
		};
/* End PBXSourcesBuildPhase section */

/* Begin PBXTargetDependency section */
		D1FB31B1256AECAC000AF016 /* PBXTargetDependency */ = {
			isa = PBXTargetDependency;
			target = D1FB3198256AECAB000AF016 /* Midterms */;
			targetProxy = D1FB31B0256AECAC000AF016 /* PBXContainerItemProxy */;
		};
		D1FB31BC256AECAC000AF016 /* PBXTargetDependency */ = {
			isa = PBXTargetDependency;
			target = D1FB3198256AECAB000AF016 /* Midterms */;
			targetProxy = D1FB31BB256AECAC000AF016 /* PBXContainerItemProxy */;
		};
/* End PBXTargetDependency section */

/* Begin XCBuildConfiguration section */
		D1FB31C1256AECAC000AF016 /* Debug */ = {
			isa = XCBuildConfiguration;
			buildSettings = {
				ALWAYS_SEARCH_USER_PATHS = NO;
				CLANG_ANALYZER_NONNULL = YES;
				CLANG_ANALYZER_NUMBER_OBJECT_CONVERSION = YES_AGGRESSIVE;
				CLANG_CXX_LANGUAGE_STANDARD = "gnu++14";
				CLANG_CXX_LIBRARY = "libc++";
				CLANG_ENABLE_MODULES = YES;
				CLANG_ENABLE_OBJC_ARC = YES;
				CLANG_ENABLE_OBJC_WEAK = YES;
				CLANG_WARN_BLOCK_CAPTURE_AUTORELEASING = YES;
				CLANG_WARN_BOOL_CONVERSION = YES;
				CLANG_WARN_COMMA = YES;
				CLANG_WARN_CONSTANT_CONVERSION = YES;
				CLANG_WARN_DEPRECATED_OBJC_IMPLEMENTATIONS = YES;
				CLANG_WARN_DIRECT_OBJC_ISA_USAGE = YES_ERROR;
				CLANG_WARN_DOCUMENTATION_COMMENTS = YES;
				CLANG_WARN_EMPTY_BODY = YES;
				CLANG_WARN_ENUM_CONVERSION = YES;
				CLANG_WARN_INFINITE_RECURSION = YES;
				CLANG_WARN_INT_CONVERSION = YES;
				CLANG_WARN_NON_LITERAL_NULL_CONVERSION = YES;
				CLANG_WARN_OBJC_IMPLICIT_RETAIN_SELF = YES;
				CLANG_WARN_OBJC_LITERAL_CONVERSION = YES;
				CLANG_WARN_OBJC_ROOT_CLASS = YES_ERROR;
				CLANG_WARN_RANGE_LOOP_ANALYSIS = YES;
				CLANG_WARN_STRICT_PROTOTYPES = YES;
				CLANG_WARN_SUSPICIOUS_MOVE = YES;
				CLANG_WARN_UNGUARDED_AVAILABILITY = YES_AGGRESSIVE;
				CLANG_WARN_UNREACHABLE_CODE = YES;
				CLANG_WARN__DUPLICATE_METHOD_MATCH = YES;
				COPY_PHASE_STRIP = NO;
				DEBUG_INFORMATION_FORMAT = dwarf;
				ENABLE_STRICT_OBJC_MSGSEND = YES;
				ENABLE_TESTABILITY = YES;
				GCC_C_LANGUAGE_STANDARD = gnu11;
				GCC_DYNAMIC_NO_PIC = NO;
				GCC_NO_COMMON_BLOCKS = YES;
				GCC_OPTIMIZATION_LEVEL = 0;
				GCC_PREPROCESSOR_DEFINITIONS = (
					"DEBUG=1",
					"$(inherited)",
				);
				GCC_WARN_64_TO_32_BIT_CONVERSION = YES;
				GCC_WARN_ABOUT_RETURN_TYPE = YES_ERROR;
				GCC_WARN_UNDECLARED_SELECTOR = YES;
				GCC_WARN_UNINITIALIZED_AUTOS = YES_AGGRESSIVE;
				GCC_WARN_UNUSED_FUNCTION = YES;
				GCC_WARN_UNUSED_VARIABLE = YES;
				IPHONEOS_DEPLOYMENT_TARGET = 13.1;
				MTL_ENABLE_DEBUG_INFO = INCLUDE_SOURCE;
				MTL_FAST_MATH = YES;
				ONLY_ACTIVE_ARCH = YES;
				SDKROOT = iphoneos;
				SWIFT_ACTIVE_COMPILATION_CONDITIONS = DEBUG;
				SWIFT_OPTIMIZATION_LEVEL = "-Onone";
			};
			name = Debug;
		};
		D1FB31C2256AECAC000AF016 /* Release */ = {
			isa = XCBuildConfiguration;
			buildSettings = {
				ALWAYS_SEARCH_USER_PATHS = NO;
				CLANG_ANALYZER_NONNULL = YES;
				CLANG_ANALYZER_NUMBER_OBJECT_CONVERSION = YES_AGGRESSIVE;
				CLANG_CXX_LANGUAGE_STANDARD = "gnu++14";
				CLANG_CXX_LIBRARY = "libc++";
				CLANG_ENABLE_MODULES = YES;
				CLANG_ENABLE_OBJC_ARC = YES;
				CLANG_ENABLE_OBJC_WEAK = YES;
				CLANG_WARN_BLOCK_CAPTURE_AUTORELEASING = YES;
				CLANG_WARN_BOOL_CONVERSION = YES;
				CLANG_WARN_COMMA = YES;
				CLANG_WARN_CONSTANT_CONVERSION = YES;
				CLANG_WARN_DEPRECATED_OBJC_IMPLEMENTATIONS = YES;
				CLANG_WARN_DIRECT_OBJC_ISA_USAGE = YES_ERROR;
				CLANG_WARN_DOCUMENTATION_COMMENTS = YES;
				CLANG_WARN_EMPTY_BODY = YES;
				CLANG_WARN_ENUM_CONVERSION = YES;
				CLANG_WARN_INFINITE_RECURSION = YES;
				CLANG_WARN_INT_CONVERSION = YES;
				CLANG_WARN_NON_LITERAL_NULL_CONVERSION = YES;
				CLANG_WARN_OBJC_IMPLICIT_RETAIN_SELF = YES;
				CLANG_WARN_OBJC_LITERAL_CONVERSION = YES;
				CLANG_WARN_OBJC_ROOT_CLASS = YES_ERROR;
				CLANG_WARN_RANGE_LOOP_ANALYSIS = YES;
				CLANG_WARN_STRICT_PROTOTYPES = YES;
				CLANG_WARN_SUSPICIOUS_MOVE = YES;
				CLANG_WARN_UNGUARDED_AVAILABILITY = YES_AGGRESSIVE;
				CLANG_WARN_UNREACHABLE_CODE = YES;
				CLANG_WARN__DUPLICATE_METHOD_MATCH = YES;
				COPY_PHASE_STRIP = NO;
				DEBUG_INFORMATION_FORMAT = "dwarf-with-dsym";
				ENABLE_NS_ASSERTIONS = NO;
				ENABLE_STRICT_OBJC_MSGSEND = YES;
				GCC_C_LANGUAGE_STANDARD = gnu11;
				GCC_NO_COMMON_BLOCKS = YES;
				GCC_WARN_64_TO_32_BIT_CONVERSION = YES;
				GCC_WARN_ABOUT_RETURN_TYPE = YES_ERROR;
				GCC_WARN_UNDECLARED_SELECTOR = YES;
				GCC_WARN_UNINITIALIZED_AUTOS = YES_AGGRESSIVE;
				GCC_WARN_UNUSED_FUNCTION = YES;
				GCC_WARN_UNUSED_VARIABLE = YES;
				IPHONEOS_DEPLOYMENT_TARGET = 13.1;
				MTL_ENABLE_DEBUG_INFO = NO;
				MTL_FAST_MATH = YES;
				SDKROOT = iphoneos;
				SWIFT_COMPILATION_MODE = wholemodule;
				SWIFT_OPTIMIZATION_LEVEL = "-O";
				VALIDATE_PRODUCT = YES;
			};
			name = Release;
		};
		D1FB31C4256AECAC000AF016 /* Debug */ = {
			isa = XCBuildConfiguration;
			baseConfigurationReference = 8631F72783DA9CF5D9312523 /* Pods-Midterms.debug.xcconfig */;
			buildSettings = {
				ASSETCATALOG_COMPILER_APPICON_NAME = AppIcon;
				CODE_SIGN_STYLE = Automatic;
				INFOPLIST_FILE = Midterms/Info.plist;
				LD_RUNPATH_SEARCH_PATHS = (
					"$(inherited)",
					"@executable_path/Frameworks",
				);
				PRODUCT_BUNDLE_IDENTIFIER = com.hpnvphuoc.Exercises.Midterms;
				PRODUCT_NAME = "$(TARGET_NAME)";
				SWIFT_VERSION = 5.0;
				TARGETED_DEVICE_FAMILY = "1,2";
			};
			name = Debug;
		};
		D1FB31C5256AECAC000AF016 /* Release */ = {
			isa = XCBuildConfiguration;
			baseConfigurationReference = 27EC9D868C5587F48AB3FF91 /* Pods-Midterms.release.xcconfig */;
			buildSettings = {
				ASSETCATALOG_COMPILER_APPICON_NAME = AppIcon;
				CODE_SIGN_STYLE = Automatic;
				INFOPLIST_FILE = Midterms/Info.plist;
				LD_RUNPATH_SEARCH_PATHS = (
					"$(inherited)",
					"@executable_path/Frameworks",
				);
				PRODUCT_BUNDLE_IDENTIFIER = com.hpnvphuoc.Exercises.Midterms;
				PRODUCT_NAME = "$(TARGET_NAME)";
				SWIFT_VERSION = 5.0;
				TARGETED_DEVICE_FAMILY = "1,2";
			};
			name = Release;
		};
		D1FB31C7256AECAC000AF016 /* Debug */ = {
			isa = XCBuildConfiguration;
			baseConfigurationReference = 08118CEEDEF2D5DF6A73ED1B /* Pods-MidtermsTests.debug.xcconfig */;
			buildSettings = {
				ALWAYS_EMBED_SWIFT_STANDARD_LIBRARIES = YES;
				BUNDLE_LOADER = "$(TEST_HOST)";
				CODE_SIGN_STYLE = Automatic;
				INFOPLIST_FILE = MidtermsTests/Info.plist;
				IPHONEOS_DEPLOYMENT_TARGET = 13.1;
				LD_RUNPATH_SEARCH_PATHS = (
					"$(inherited)",
					"@executable_path/Frameworks",
					"@loader_path/Frameworks",
				);
				PRODUCT_BUNDLE_IDENTIFIER = com.hpnvphuoc.Exercises.MidtermsTests;
				PRODUCT_NAME = "$(TARGET_NAME)";
				SWIFT_VERSION = 5.0;
				TARGETED_DEVICE_FAMILY = "1,2";
				TEST_HOST = "$(BUILT_PRODUCTS_DIR)/Midterms.app/Midterms";
			};
			name = Debug;
		};
		D1FB31C8256AECAC000AF016 /* Release */ = {
			isa = XCBuildConfiguration;
			baseConfigurationReference = A5BA9B1350A796B22571D5F2 /* Pods-MidtermsTests.release.xcconfig */;
			buildSettings = {
				ALWAYS_EMBED_SWIFT_STANDARD_LIBRARIES = YES;
				BUNDLE_LOADER = "$(TEST_HOST)";
				CODE_SIGN_STYLE = Automatic;
				INFOPLIST_FILE = MidtermsTests/Info.plist;
				IPHONEOS_DEPLOYMENT_TARGET = 13.1;
				LD_RUNPATH_SEARCH_PATHS = (
					"$(inherited)",
					"@executable_path/Frameworks",
					"@loader_path/Frameworks",
				);
				PRODUCT_BUNDLE_IDENTIFIER = com.hpnvphuoc.Exercises.MidtermsTests;
				PRODUCT_NAME = "$(TARGET_NAME)";
				SWIFT_VERSION = 5.0;
				TARGETED_DEVICE_FAMILY = "1,2";
				TEST_HOST = "$(BUILT_PRODUCTS_DIR)/Midterms.app/Midterms";
			};
			name = Release;
		};
		D1FB31CA256AECAC000AF016 /* Debug */ = {
			isa = XCBuildConfiguration;
			baseConfigurationReference = 04C7E569F73F0B9DAC561FA6 /* Pods-Midterms-MidtermsUITests.debug.xcconfig */;
			buildSettings = {
				ALWAYS_EMBED_SWIFT_STANDARD_LIBRARIES = YES;
				CODE_SIGN_STYLE = Automatic;
				INFOPLIST_FILE = MidtermsUITests/Info.plist;
				LD_RUNPATH_SEARCH_PATHS = (
					"$(inherited)",
					"@executable_path/Frameworks",
					"@loader_path/Frameworks",
				);
				PRODUCT_BUNDLE_IDENTIFIER = com.hpnvphuoc.Exercises.MidtermsUITests;
				PRODUCT_NAME = "$(TARGET_NAME)";
				SWIFT_VERSION = 5.0;
				TARGETED_DEVICE_FAMILY = "1,2";
				TEST_TARGET_NAME = Midterms;
			};
			name = Debug;
		};
		D1FB31CB256AECAC000AF016 /* Release */ = {
			isa = XCBuildConfiguration;
			baseConfigurationReference = 8CFD261A55B995C50AED8127 /* Pods-Midterms-MidtermsUITests.release.xcconfig */;
			buildSettings = {
				ALWAYS_EMBED_SWIFT_STANDARD_LIBRARIES = YES;
				CODE_SIGN_STYLE = Automatic;
				INFOPLIST_FILE = MidtermsUITests/Info.plist;
				LD_RUNPATH_SEARCH_PATHS = (
					"$(inherited)",
					"@executable_path/Frameworks",
					"@loader_path/Frameworks",
				);
				PRODUCT_BUNDLE_IDENTIFIER = com.hpnvphuoc.Exercises.MidtermsUITests;
				PRODUCT_NAME = "$(TARGET_NAME)";
				SWIFT_VERSION = 5.0;
				TARGETED_DEVICE_FAMILY = "1,2";
				TEST_TARGET_NAME = Midterms;
			};
			name = Release;
		};
/* End XCBuildConfiguration section */

/* Begin XCConfigurationList section */
		D1FB3194256AECAB000AF016 /* Build configuration list for PBXProject "Midterms" */ = {
			isa = XCConfigurationList;
			buildConfigurations = (
				D1FB31C1256AECAC000AF016 /* Debug */,
				D1FB31C2256AECAC000AF016 /* Release */,
			);
			defaultConfigurationIsVisible = 0;
			defaultConfigurationName = Release;
		};
		D1FB31C3256AECAC000AF016 /* Build configuration list for PBXNativeTarget "Midterms" */ = {
			isa = XCConfigurationList;
			buildConfigurations = (
				D1FB31C4256AECAC000AF016 /* Debug */,
				D1FB31C5256AECAC000AF016 /* Release */,
			);
			defaultConfigurationIsVisible = 0;
			defaultConfigurationName = Release;
		};
		D1FB31C6256AECAC000AF016 /* Build configuration list for PBXNativeTarget "MidtermsTests" */ = {
			isa = XCConfigurationList;
			buildConfigurations = (
				D1FB31C7256AECAC000AF016 /* Debug */,
				D1FB31C8256AECAC000AF016 /* Release */,
			);
			defaultConfigurationIsVisible = 0;
			defaultConfigurationName = Release;
		};
		D1FB31C9256AECAC000AF016 /* Build configuration list for PBXNativeTarget "MidtermsUITests" */ = {
			isa = XCConfigurationList;
			buildConfigurations = (
				D1FB31CA256AECAC000AF016 /* Debug */,
				D1FB31CB256AECAC000AF016 /* Release */,
			);
			defaultConfigurationIsVisible = 0;
			defaultConfigurationName = Release;
		};
/* End XCConfigurationList section */
	};
	rootObject = D1FB3191256AECAB000AF016 /* Project object */;
}
